
Microsoft Visual Studio Solution File, Format Version 12.00
# Visual Studio Version 16
VisualStudioVersion = 16.0.30011.22
MinimumVisualStudioVersion = 10.0.40219.1
Project("{FAE04EC0-301F-11D3-BF4B-00C04F79EFBC}") = "Dominio", "Dominio\Dominio.csproj", "{68B79B5F-EFC6-4AC0-901B-A5F9FD22B5DE}"
EndProject
Project("{FAE04EC0-301F-11D3-BF4B-00C04F79EFBC}") = "Operacoes", "Operacoes\Operacoes.csproj", "{803B745A-8283-40E3-A868-CED651AD16E4}"
EndProject
Project("{FAE04EC0-301F-11D3-BF4B-00C04F79EFBC}") = "OperacoesTest", "OperacoesTest\OperacoesTest.csproj", "{5FB87536-1FE0-4736-AF14-C02C0F595B65}"
EndProject
Global
	GlobalSection(SolutionConfigurationPlatforms) = preSolution
		Debug|Any CPU = Debug|Any CPU
		Release|Any CPU = Release|Any CPU
	EndGlobalSection
	GlobalSection(ProjectConfigurationPlatforms) = postSolution
		{68B79B5F-EFC6-4AC0-901B-A5F9FD22B5DE}.Debug|Any CPU.ActiveCfg = Debug|Any CPU
		{68B79B5F-EFC6-4AC0-901B-A5F9FD22B5DE}.Debug|Any CPU.Build.0 = Debug|Any CPU
		{68B79B5F-EFC6-4AC0-901B-A5F9FD22B5DE}.Release|Any CPU.ActiveCfg = Release|Any CPU
		{68B79B5F-EFC6-4AC0-901B-A5F9FD22B5DE}.Release|Any CPU.Build.0 = Release|Any CPU
		{803B745A-8283-40E3-A868-CED651AD16E4}.Debug|Any CPU.ActiveCfg = Debug|Any CPU
		{803B745A-8283-40E3-A868-CED651AD16E4}.Debug|Any CPU.Build.0 = Debug|Any CPU
		{803B745A-8283-40E3-A868-CED651AD16E4}.Release|Any CPU.ActiveCfg = Release|Any CPU
		{803B745A-8283-40E3-A868-CED651AD16E4}.Release|Any CPU.Build.0 = Release|Any CPU
		{5FB87536-1FE0-4736-AF14-C02C0F595B65}.Debug|Any CPU.ActiveCfg = Debug|Any CPU
		{5FB87536-1FE0-4736-AF14-C02C0F595B65}.Debug|Any CPU.Build.0 = Debug|Any CPU
		{5FB87536-1FE0-4736-AF14-C02C0F595B65}.Release|Any CPU.ActiveCfg = Release|Any CPU
		{5FB87536-1FE0-4736-AF14-C02C0F595B65}.Release|Any CPU.Build.0 = Release|Any CPU
	EndGlobalSection
	GlobalSection(SolutionProperties) = preSolution
		HideSolutionNode = FALSE
	EndGlobalSection
	GlobalSection(ExtensibilityGlobals) = postSolution
		SolutionGuid = {0252E646-62E9-48B5-9726-C1DEF9DA9AB2}
	EndGlobalSection
EndGlobal
